
Microsoft Visual Studio Solution File, Format Version 12.00
# Visual Studio Version 17
VisualStudioVersion = 17.14.36511.14
MinimumVisualStudioVersion = 10.0.40219.1
Project("{FAE04EC0-301F-11D3-BF4B-00C04F79EFBC}") = "CadastroUsuarioSimples", "CadastroUsuarioSimples\CadastroUsuarioSimples.csproj", "{44015248-46A0-4ED1-80E5-B8D162A8465F}"
EndProject
Global
	GlobalSection(SolutionConfigurationPlatforms) = preSolution
		Debug|Any CPU = Debug|Any CPU
		Debug|ARM64 = Debug|ARM64
		Debug|x64 = Debug|x64
		Release|Any CPU = Release|Any CPU
		Release|ARM64 = Release|ARM64
		Release|x64 = Release|x64
	EndGlobalSection
	GlobalSection(ProjectConfigurationPlatforms) = postSolution
		{44015248-46A0-4ED1-80E5-B8D162A8465F}.Debug|Any CPU.ActiveCfg = Debug|Any CPU
		{44015248-46A0-4ED1-80E5-B8D162A8465F}.Debug|Any CPU.Build.0 = Debug|Any CPU
		{44015248-46A0-4ED1-80E5-B8D162A8465F}.Debug|ARM64.ActiveCfg = Debug|ARM64
		{44015248-46A0-4ED1-80E5-B8D162A8465F}.Debug|ARM64.Build.0 = Debug|ARM64
		{44015248-46A0-4ED1-80E5-B8D162A8465F}.Debug|x64.ActiveCfg = Debug|x64
		{44015248-46A0-4ED1-80E5-B8D162A8465F}.Debug|x64.Build.0 = Debug|x64
		{44015248-46A0-4ED1-80E5-B8D162A8465F}.Release|Any CPU.ActiveCfg = Release|Any CPU
		{44015248-46A0-4ED1-80E5-B8D162A8465F}.Release|Any CPU.Build.0 = Release|Any CPU
		{44015248-46A0-4ED1-80E5-B8D162A8465F}.Release|ARM64.ActiveCfg = Release|ARM64
		{44015248-46A0-4ED1-80E5-B8D162A8465F}.Release|ARM64.Build.0 = Release|ARM64
		{44015248-46A0-4ED1-80E5-B8D162A8465F}.Release|x64.ActiveCfg = Release|x64
		{44015248-46A0-4ED1-80E5-B8D162A8465F}.Release|x64.Build.0 = Release|x64
	EndGlobalSection
	GlobalSection(SolutionProperties) = preSolution
		HideSolutionNode = FALSE
	EndGlobalSection
	GlobalSection(ExtensibilityGlobals) = postSolution
		SolutionGuid = {39B20EC8-35DD-4832-88F5-B9FCBB405F63}
	EndGlobalSection
EndGlobal
